// !$*UTF8*$!
{
	archiveVersion = 1;
	classes = {
	};
	objectVersion = 46;
	objects = {

/* Begin PBXBuildFile section */
		1AC10838FED6760BAF17DA93 /* libPods-UIScrollViewPlaceholderView.a in Frameworks */ = {isa = PBXBuildFile; fileRef = C706A5139170E372F2B7833E /* libPods-UIScrollViewPlaceholderView.a */; };
		D9DCF3531F6E68B800FC2858 /* main.m in Sources */ = {isa = PBXBuildFile; fileRef = D9DCF3521F6E68B800FC2858 /* main.m */; };
		D9DCF3561F6E68B800FC2858 /* AppDelegate.m in Sources */ = {isa = PBXBuildFile; fileRef = D9DCF3551F6E68B800FC2858 /* AppDelegate.m */; };
		D9DCF3591F6E68B800FC2858 /* ViewController.m in Sources */ = {isa = PBXBuildFile; fileRef = D9DCF3581F6E68B800FC2858 /* ViewController.m */; };
		D9DCF35C1F6E68B800FC2858 /* Main.storyboard in Resources */ = {isa = PBXBuildFile; fileRef = D9DCF35A1F6E68B800FC2858 /* Main.storyboard */; };
		D9DCF35E1F6E68B800FC2858 /* Assets.xcassets in Resources */ = {isa = PBXBuildFile; fileRef = D9DCF35D1F6E68B800FC2858 /* Assets.xcassets */; };
		D9DCF3611F6E68B800FC2858 /* LaunchScreen.storyboard in Resources */ = {isa = PBXBuildFile; fileRef = D9DCF35F1F6E68B800FC2858 /* LaunchScreen.storyboard */; };
		D9DCF36B1F6E694900FC2858 /* UIScrollView+PlaceholderView.m in Sources */ = {isa = PBXBuildFile; fileRef = D9DCF36A1F6E694900FC2858 /* UIScrollView+PlaceholderView.m */; };
		D9DCF36E1F6E6EC400FC2858 /* SecondViewController.m in Sources */ = {isa = PBXBuildFile; fileRef = D9DCF36D1F6E6EC400FC2858 /* SecondViewController.m */; };
		D9DCF3711F6EC24300FC2858 /* 无商品.png in Resources */ = {isa = PBXBuildFile; fileRef = D9DCF36F1F6EC24300FC2858 /* 无商品.png */; };
		D9DCF3721F6EC24300FC2858 /* 无网.png in Resources */ = {isa = PBXBuildFile; fileRef = D9DCF3701F6EC24300FC2858 /* 无网.png */; };
		D9DCF3741F6EC3FD00FC2858 /* 沙发.png in Resources */ = {isa = PBXBuildFile; fileRef = D9DCF3731F6EC3FD00FC2858 /* 沙发.png */; };
/* End PBXBuildFile section */

/* Begin PBXFileReference section */
		3FDE0769022049B28E06BDBE /* Pods-UIScrollViewPlaceholderView.release.xcconfig */ = {isa = PBXFileReference; includeInIndex = 1; lastKnownFileType = text.xcconfig; name = "Pods-UIScrollViewPlaceholderView.release.xcconfig"; path = "Pods/Target Support Files/Pods-UIScrollViewPlaceholderView/Pods-UIScrollViewPlaceholderView.release.xcconfig"; sourceTree = "<group>"; };
		4099B93B9D4FB9BC48BA87FD /* Pods-UIScrollViewPlaceholderView.debug.xcconfig */ = {isa = PBXFileReference; includeInIndex = 1; lastKnownFileType = text.xcconfig; name = "Pods-UIScrollViewPlaceholderView.debug.xcconfig"; path = "Pods/Target Support Files/Pods-UIScrollViewPlaceholderView/Pods-UIScrollViewPlaceholderView.debug.xcconfig"; sourceTree = "<group>"; };
		C706A5139170E372F2B7833E /* libPods-UIScrollViewPlaceholderView.a */ = {isa = PBXFileReference; explicitFileType = archive.ar; includeInIndex = 0; path = "libPods-UIScrollViewPlaceholderView.a"; sourceTree = BUILT_PRODUCTS_DIR; };
		D9DCF34E1F6E68B800FC2858 /* UIScrollViewPlaceholderView.app */ = {isa = PBXFileReference; explicitFileType = wrapper.application; includeInIndex = 0; path = UIScrollViewPlaceholderView.app; sourceTree = BUILT_PRODUCTS_DIR; };
		D9DCF3521F6E68B800FC2858 /* main.m */ = {isa = PBXFileReference; lastKnownFileType = sourcecode.c.objc; path = main.m; sourceTree = "<group>"; };
		D9DCF3541F6E68B800FC2858 /* AppDelegate.h */ = {isa = PBXFileReference; lastKnownFileType = sourcecode.c.h; path = AppDelegate.h; sourceTree = "<group>"; };
		D9DCF3551F6E68B800FC2858 /* AppDelegate.m */ = {isa = PBXFileReference; lastKnownFileType = sourcecode.c.objc; path = AppDelegate.m; sourceTree = "<group>"; };
		D9DCF3571F6E68B800FC2858 /* ViewController.h */ = {isa = PBXFileReference; lastKnownFileType = sourcecode.c.h; path = ViewController.h; sourceTree = "<group>"; };
		D9DCF3581F6E68B800FC2858 /* ViewController.m */ = {isa = PBXFileReference; lastKnownFileType = sourcecode.c.objc; path = ViewController.m; sourceTree = "<group>"; };
		D9DCF35B1F6E68B800FC2858 /* Base */ = {isa = PBXFileReference; lastKnownFileType = file.storyboard; name = Base; path = Base.lproj/Main.storyboard; sourceTree = "<group>"; };
		D9DCF35D1F6E68B800FC2858 /* Assets.xcassets */ = {isa = PBXFileReference; lastKnownFileType = folder.assetcatalog; path = Assets.xcassets; sourceTree = "<group>"; };
		D9DCF3601F6E68B800FC2858 /* Base */ = {isa = PBXFileReference; lastKnownFileType = file.storyboard; name = Base; path = Base.lproj/LaunchScreen.storyboard; sourceTree = "<group>"; };
		D9DCF3621F6E68B800FC2858 /* Info.plist */ = {isa = PBXFileReference; lastKnownFileType = text.plist.xml; path = Info.plist; sourceTree = "<group>"; };
		D9DCF3691F6E694900FC2858 /* UIScrollView+PlaceholderView.h */ = {isa = PBXFileReference; fileEncoding = 4; lastKnownFileType = sourcecode.c.h; path = "UIScrollView+PlaceholderView.h"; sourceTree = "<group>"; };
		D9DCF36A1F6E694900FC2858 /* UIScrollView+PlaceholderView.m */ = {isa = PBXFileReference; fileEncoding = 4; lastKnownFileType = sourcecode.c.objc; path = "UIScrollView+PlaceholderView.m"; sourceTree = "<group>"; };
		D9DCF36C1F6E6EC400FC2858 /* SecondViewController.h */ = {isa = PBXFileReference; fileEncoding = 4; lastKnownFileType = sourcecode.c.h; path = SecondViewController.h; sourceTree = "<group>"; };
		D9DCF36D1F6E6EC400FC2858 /* SecondViewController.m */ = {isa = PBXFileReference; fileEncoding = 4; lastKnownFileType = sourcecode.c.objc; path = SecondViewController.m; sourceTree = "<group>"; };
		D9DCF36F1F6EC24300FC2858 /* 无商品.png */ = {isa = PBXFileReference; lastKnownFileType = image.png; path = "无商品.png"; sourceTree = "<group>"; };
		D9DCF3701F6EC24300FC2858 /* 无网.png */ = {isa = PBXFileReference; lastKnownFileType = image.png; path = "无网.png"; sourceTree = "<group>"; };
		D9DCF3731F6EC3FD00FC2858 /* 沙发.png */ = {isa = PBXFileReference; lastKnownFileType = image.png; path = "沙发.png"; sourceTree = "<group>"; };
/* End PBXFileReference section */

/* Begin PBXFrameworksBuildPhase section */
		D9DCF34B1F6E68B800FC2858 /* Frameworks */ = {
			isa = PBXFrameworksBuildPhase;
			buildActionMask = 2147483647;
			files = (
				1AC10838FED6760BAF17DA93 /* libPods-UIScrollViewPlaceholderView.a in Frameworks */,
			);
			runOnlyForDeploymentPostprocessing = 0;
		};
/* End PBXFrameworksBuildPhase section */

/* Begin PBXGroup section */
		44DA44459522AA0B0C46095D /* Frameworks */ = {
			isa = PBXGroup;
			children = (
				C706A5139170E372F2B7833E /* libPods-UIScrollViewPlaceholderView.a */,
			);
			name = Frameworks;
			sourceTree = "<group>";
		};
		823810B532A3D1CEC07458A3 /* Pods */ = {
			isa = PBXGroup;
			children = (
				4099B93B9D4FB9BC48BA87FD /* Pods-UIScrollViewPlaceholderView.debug.xcconfig */,
				3FDE0769022049B28E06BDBE /* Pods-UIScrollViewPlaceholderView.release.xcconfig */,
			);
			name = Pods;
			sourceTree = "<group>";
		};
		D9DCF3451F6E68B800FC2858 = {
			isa = PBXGroup;
			children = (
				D9DCF3501F6E68B800FC2858 /* UIScrollViewPlaceholderView */,
				D9DCF34F1F6E68B800FC2858 /* Products */,
				823810B532A3D1CEC07458A3 /* Pods */,
				44DA44459522AA0B0C46095D /* Frameworks */,
			);
			sourceTree = "<group>";
		};
		D9DCF34F1F6E68B800FC2858 /* Products */ = {
			isa = PBXGroup;
			children = (
				D9DCF34E1F6E68B800FC2858 /* UIScrollViewPlaceholderView.app */,
			);
			name = Products;
			sourceTree = "<group>";
		};
		D9DCF3501F6E68B800FC2858 /* UIScrollViewPlaceholderView */ = {
			isa = PBXGroup;
			children = (
				D9DCF3681F6E691E00FC2858 /* UIScrollView+PlaceholderView */,
				D9DCF3541F6E68B800FC2858 /* AppDelegate.h */,
				D9DCF3551F6E68B800FC2858 /* AppDelegate.m */,
				D9DCF3571F6E68B800FC2858 /* ViewController.h */,
				D9DCF3581F6E68B800FC2858 /* ViewController.m */,
				D9DCF36C1F6E6EC400FC2858 /* SecondViewController.h */,
				D9DCF36D1F6E6EC400FC2858 /* SecondViewController.m */,
				D9DCF35A1F6E68B800FC2858 /* Main.storyboard */,
				D9DCF35D1F6E68B800FC2858 /* Assets.xcassets */,
				D9DCF35F1F6E68B800FC2858 /* LaunchScreen.storyboard */,
				D9DCF3621F6E68B800FC2858 /* Info.plist */,
				D9DCF3511F6E68B800FC2858 /* Supporting Files */,
			);
			path = UIScrollViewPlaceholderView;
			sourceTree = "<group>";
		};
		D9DCF3511F6E68B800FC2858 /* Supporting Files */ = {
			isa = PBXGroup;
			children = (
				D9DCF3521F6E68B800FC2858 /* main.m */,
			);
			name = "Supporting Files";
			sourceTree = "<group>";
		};
		D9DCF3681F6E691E00FC2858 /* UIScrollView+PlaceholderView */ = {
			isa = PBXGroup;
			children = (
				D9DCF3691F6E694900FC2858 /* UIScrollView+PlaceholderView.h */,
				D9DCF36A1F6E694900FC2858 /* UIScrollView+PlaceholderView.m */,
				D9DCF36F1F6EC24300FC2858 /* 无商品.png */,
				D9DCF3701F6EC24300FC2858 /* 无网.png */,
				D9DCF3731F6EC3FD00FC2858 /* 沙发.png */,
			);
			path = "UIScrollView+PlaceholderView";
			sourceTree = "<group>";
		};
/* End PBXGroup section */

/* Begin PBXNativeTarget section */
		D9DCF34D1F6E68B800FC2858 /* UIScrollViewPlaceholderView */ = {
			isa = PBXNativeTarget;
			buildConfigurationList = D9DCF3651F6E68B800FC2858 /* Build configuration list for PBXNativeTarget "UIScrollViewPlaceholderView" */;
			buildPhases = (
				16038203CFB263375BA31E90 /* [CP] Check Pods Manifest.lock */,
				D9DCF34A1F6E68B800FC2858 /* Sources */,
				D9DCF34B1F6E68B800FC2858 /* Frameworks */,
				D9DCF34C1F6E68B800FC2858 /* Resources */,
				EE826AE10D6FFF3CF99A7540 /* [CP] Embed Pods Frameworks */,
				696AF428D7D84C8F7F9E966F /* [CP] Copy Pods Resources */,
			);
			buildRules = (
			);
			dependencies = (
			);
			name = UIScrollViewPlaceholderView;
			productName = UIScrollViewPlaceholderView;
			productReference = D9DCF34E1F6E68B800FC2858 /* UIScrollViewPlaceholderView.app */;
			productType = "com.apple.product-type.application";
		};
/* End PBXNativeTarget section */

/* Begin PBXProject section */
		D9DCF3461F6E68B800FC2858 /* Project object */ = {
			isa = PBXProject;
			attributes = {
				LastUpgradeCheck = 0820;
				ORGANIZATIONNAME = kuaijiankang;
				TargetAttributes = {
					D9DCF34D1F6E68B800FC2858 = {
						CreatedOnToolsVersion = 8.2;
						DevelopmentTeam = 4J5JWPJ294;
						ProvisioningStyle = Automatic;
					};
				};
			};
			buildConfigurationList = D9DCF3491F6E68B800FC2858 /* Build configuration list for PBXProject "UIScrollViewPlaceholderView" */;
			compatibilityVersion = "Xcode 3.2";
			developmentRegion = English;
			hasScannedForEncodings = 0;
			knownRegions = (
				en,
				Base,
			);
			mainGroup = D9DCF3451F6E68B800FC2858;
			productRefGroup = D9DCF34F1F6E68B800FC2858 /* Products */;
			projectDirPath = "";
			projectRoot = "";
			targets = (
				D9DCF34D1F6E68B800FC2858 /* UIScrollViewPlaceholderView */,
			);
		};
/* End PBXProject section */

/* Begin PBXResourcesBuildPhase section */
		D9DCF34C1F6E68B800FC2858 /* Resources */ = {
			isa = PBXResourcesBuildPhase;
			buildActionMask = 2147483647;
			files = (
				D9DCF3611F6E68B800FC2858 /* LaunchScreen.storyboard in Resources */,
				D9DCF35E1F6E68B800FC2858 /* Assets.xcassets in Resources */,
				D9DCF3711F6EC24300FC2858 /* 无商品.png in Resources */,
				D9DCF3721F6EC24300FC2858 /* 无网.png in Resources */,
				D9DCF3741F6EC3FD00FC2858 /* 沙发.png in Resources */,
				D9DCF35C1F6E68B800FC2858 /* Main.storyboard in Resources */,
			);
			runOnlyForDeploymentPostprocessing = 0;
		};
/* End PBXResourcesBuildPhase section */

/* Begin PBXShellScriptBuildPhase section */
		16038203CFB263375BA31E90 /* [CP] Check Pods Manifest.lock */ = {
			isa = PBXShellScriptBuildPhase;
			buildActionMask = 2147483647;
			files = (
			);
			inputPaths = (
			);
			name = "[CP] Check Pods Manifest.lock";
			outputPaths = (
			);
			runOnlyForDeploymentPostprocessing = 0;
			shellPath = /bin/sh;
			shellScript = "diff \"${PODS_ROOT}/../Podfile.lock\" \"${PODS_ROOT}/Manifest.lock\" > /dev/null\nif [ $? != 0 ] ; then\n    # print error to STDERR\n    echo \"error: The sandbox is not in sync with the Podfile.lock. Run 'pod install' or update your CocoaPods installation.\" >&2\n    exit 1\nfi\n";
			showEnvVarsInLog = 0;
		};
		696AF428D7D84C8F7F9E966F /* [CP] Copy Pods Resources */ = {
			isa = PBXShellScriptBuildPhase;
			buildActionMask = 2147483647;
			files = (
			);
			inputPaths = (
			);
			name = "[CP] Copy Pods Resources";
			outputPaths = (
			);
			runOnlyForDeploymentPostprocessing = 0;
			shellPath = /bin/sh;
			shellScript = "\"${SRCROOT}/Pods/Target Support Files/Pods-UIScrollViewPlaceholderView/Pods-UIScrollViewPlaceholderView-resources.sh\"\n";
			showEnvVarsInLog = 0;
		};
		EE826AE10D6FFF3CF99A7540 /* [CP] Embed Pods Frameworks */ = {
			isa = PBXShellScriptBuildPhase;
			buildActionMask = 2147483647;
			files = (
			);
			inputPaths = (
			);
			name = "[CP] Embed Pods Frameworks";
			outputPaths = (
			);
			runOnlyForDeploymentPostprocessing = 0;
			shellPath = /bin/sh;
			shellScript = "\"${SRCROOT}/Pods/Target Support Files/Pods-UIScrollViewPlaceholderView/Pods-UIScrollViewPlaceholderView-frameworks.sh\"\n";
			showEnvVarsInLog = 0;
		};
/* End PBXShellScriptBuildPhase section */

/* Begin PBXSourcesBuildPhase section */
		D9DCF34A1F6E68B800FC2858 /* Sources */ = {
			isa = PBXSourcesBuildPhase;
			buildActionMask = 2147483647;
			files = (
				D9DCF36E1F6E6EC400FC2858 /* SecondViewController.m in Sources */,
				D9DCF3591F6E68B800FC2858 /* ViewController.m in Sources */,
				D9DCF3561F6E68B800FC2858 /* AppDelegate.m in Sources */,
				D9DCF36B1F6E694900FC2858 /* UIScrollView+PlaceholderView.m in Sources */,
				D9DCF3531F6E68B800FC2858 /* main.m in Sources */,
			);
			runOnlyForDeploymentPostprocessing = 0;
		};
/* End PBXSourcesBuildPhase section */

/* Begin PBXVariantGroup section */
		D9DCF35A1F6E68B800FC2858 /* Main.storyboard */ = {
			isa = PBXVariantGroup;
			children = (
				D9DCF35B1F6E68B800FC2858 /* Base */,
			);
			name = Main.storyboard;
			sourceTree = "<group>";
		};
		D9DCF35F1F6E68B800FC2858 /* LaunchScreen.storyboard */ = {
			isa = PBXVariantGroup;
			children = (
				D9DCF3601F6E68B800FC2858 /* Base */,
			);
			name = LaunchScreen.storyboard;
			sourceTree = "<group>";
		};
/* End PBXVariantGroup section */

/* Begin XCBuildConfiguration section */
		D9DCF3631F6E68B800FC2858 /* Debug */ = {
			isa = XCBuildConfiguration;
			buildSettings = {
				ALWAYS_SEARCH_USER_PATHS = NO;
				CLANG_ANALYZER_NONNULL = YES;
				CLANG_CXX_LANGUAGE_STANDARD = "gnu++0x";
				CLANG_CXX_LIBRARY = "libc++";
				CLANG_ENABLE_MODULES = YES;
				CLANG_ENABLE_OBJC_ARC = YES;
				CLANG_WARN_BOOL_CONVERSION = YES;
				CLANG_WARN_CONSTANT_CONVERSION = YES;
				CLANG_WARN_DIRECT_OBJC_ISA_USAGE = YES_ERROR;
				CLANG_WARN_DOCUMENTATION_COMMENTS = YES;
				CLANG_WARN_EMPTY_BODY = YES;
				CLANG_WARN_ENUM_CONVERSION = YES;
				CLANG_WARN_INFINITE_RECURSION = YES;
				CLANG_WARN_INT_CONVERSION = YES;
				CLANG_WARN_OBJC_ROOT_CLASS = YES_ERROR;
				CLANG_WARN_SUSPICIOUS_MOVE = YES;
				CLANG_WARN_UNREACHABLE_CODE = YES;
				CLANG_WARN__DUPLICATE_METHOD_MATCH = YES;
				"CODE_SIGN_IDENTITY[sdk=iphoneos*]" = "iPhone Developer";
				COPY_PHASE_STRIP = NO;
				DEBUG_INFORMATION_FORMAT = dwarf;
				ENABLE_STRICT_OBJC_MSGSEND = YES;
				ENABLE_TESTABILITY = YES;
				GCC_C_LANGUAGE_STANDARD = gnu99;
				GCC_DYNAMIC_NO_PIC = NO;
				GCC_NO_COMMON_BLOCKS = YES;
				GCC_OPTIMIZATION_LEVEL = 0;
				GCC_PREPROCESSOR_DEFINITIONS = (
					"DEBUG=1",
					"$(inherited)",
				);
				GCC_WARN_64_TO_32_BIT_CONVERSION = YES;
				GCC_WARN_ABOUT_RETURN_TYPE = YES_ERROR;
				GCC_WARN_UNDECLARED_SELECTOR = YES;
				GCC_WARN_UNINITIALIZED_AUTOS = YES_AGGRESSIVE;
				GCC_WARN_UNUSED_FUNCTION = YES;
				GCC_WARN_UNUSED_VARIABLE = YES;
				IPHONEOS_DEPLOYMENT_TARGET = 10.2;
				MTL_ENABLE_DEBUG_INFO = YES;
				ONLY_ACTIVE_ARCH = YES;
				SDKROOT = iphoneos;
				TARGETED_DEVICE_FAMILY = "1,2";
			};
			name = Debug;
		};
		D9DCF3641F6E68B800FC2858 /* Release */ = {
			isa = XCBuildConfiguration;
			buildSettings = {
				ALWAYS_SEARCH_USER_PATHS = NO;
				CLANG_ANALYZER_NONNULL = YES;
				CLANG_CXX_LANGUAGE_STANDARD = "gnu++0x";
				CLANG_CXX_LIBRARY = "libc++";
				CLANG_ENABLE_MODULES = YES;
				CLANG_ENABLE_OBJC_ARC = YES;
				CLANG_WARN_BOOL_CONVERSION = YES;
				CLANG_WARN_CONSTANT_CONVERSION = YES;
				CLANG_WARN_DIRECT_OBJC_ISA_USAGE = YES_ERROR;
				CLANG_WARN_DOCUMENTATION_COMMENTS = YES;
				CLANG_WARN_EMPTY_BODY = YES;
				CLANG_WARN_ENUM_CONVERSION = YES;
				CLANG_WARN_INFINITE_RECURSION = YES;
				CLANG_WARN_INT_CONVERSION = YES;
				CLANG_WARN_OBJC_ROOT_CLASS = YES_ERROR;
				CLANG_WARN_SUSPICIOUS_MOVE = YES;
				CLANG_WARN_UNREACHABLE_CODE = YES;
				CLANG_WARN__DUPLICATE_METHOD_MATCH = YES;
				"CODE_SIGN_IDENTITY[sdk=iphoneos*]" = "iPhone Developer";
				COPY_PHASE_STRIP = NO;
				DEBUG_INFORMATION_FORMAT = "dwarf-with-dsym";
				ENABLE_NS_ASSERTIONS = NO;
				ENABLE_STRICT_OBJC_MSGSEND = YES;
				GCC_C_LANGUAGE_STANDARD = gnu99;
				GCC_NO_COMMON_BLOCKS = YES;
				GCC_WARN_64_TO_32_BIT_CONVERSION = YES;
				GCC_WARN_ABOUT_RETURN_TYPE = YES_ERROR;
				GCC_WARN_UNDECLARED_SELECTOR = YES;
				GCC_WARN_UNINITIALIZED_AUTOS = YES_AGGRESSIVE;
				GCC_WARN_UNUSED_FUNCTION = YES;
				GCC_WARN_UNUSED_VARIABLE = YES;
				IPHONEOS_DEPLOYMENT_TARGET = 10.2;
				MTL_ENABLE_DEBUG_INFO = NO;
				SDKROOT = iphoneos;
				TARGETED_DEVICE_FAMILY = "1,2";
				VALIDATE_PRODUCT = YES;
			};
			name = Release;
		};
		D9DCF3661F6E68B800FC2858 /* Debug */ = {
			isa = XCBuildConfiguration;
			baseConfigurationReference = 4099B93B9D4FB9BC48BA87FD /* Pods-UIScrollViewPlaceholderView.debug.xcconfig */;
			buildSettings = {
				ASSETCATALOG_COMPILER_APPICON_NAME = AppIcon;
				"CODE_SIGN_IDENTITY[sdk=iphoneos*]" = "iPhone Developer";
				DEVELOPMENT_TEAM = 4J5JWPJ294;
				INFOPLIST_FILE = UIScrollViewPlaceholderView/Info.plist;
				IPHONEOS_DEPLOYMENT_TARGET = 8.0;
				LD_RUNPATH_SEARCH_PATHS = "$(inherited) @executable_path/Frameworks";
				PRODUCT_BUNDLE_IDENTIFIER = KuaiJianKang.UIScrollViewPlaceholderView;
				PRODUCT_NAME = "$(TARGET_NAME)";
			};
			name = Debug;
		};
		D9DCF3671F6E68B800FC2858 /* Release */ = {
			isa = XCBuildConfiguration;
			baseConfigurationReference = 3FDE0769022049B28E06BDBE /* Pods-UIScrollViewPlaceholderView.release.xcconfig */;
			buildSettings = {
				ASSETCATALOG_COMPILER_APPICON_NAME = AppIcon;
				"CODE_SIGN_IDENTITY[sdk=iphoneos*]" = "iPhone Developer";
				DEVELOPMENT_TEAM = 4J5JWPJ294;
				INFOPLIST_FILE = UIScrollViewPlaceholderView/Info.plist;
				IPHONEOS_DEPLOYMENT_TARGET = 8.0;
				LD_RUNPATH_SEARCH_PATHS = "$(inherited) @executable_path/Frameworks";
				PRODUCT_BUNDLE_IDENTIFIER = KuaiJianKang.UIScrollViewPlaceholderView;
				PRODUCT_NAME = "$(TARGET_NAME)";
			};
			name = Release;
		};
/* End XCBuildConfiguration section */

/* Begin XCConfigurationList section */
		D9DCF3491F6E68B800FC2858 /* Build configuration list for PBXProject "UIScrollViewPlaceholderView" */ = {
			isa = XCConfigurationList;
			buildConfigurations = (
				D9DCF3631F6E68B800FC2858 /* Debug */,
				D9DCF3641F6E68B800FC2858 /* Release */,
			);
			defaultConfigurationIsVisible = 0;
			defaultConfigurationName = Release;
		};
		D9DCF3651F6E68B800FC2858 /* Build configuration list for PBXNativeTarget "UIScrollViewPlaceholderView" */ = {
			isa = XCConfigurationList;
			buildConfigurations = (
				D9DCF3661F6E68B800FC2858 /* Debug */,
				D9DCF3671F6E68B800FC2858 /* Release */,
			);
			defaultConfigurationIsVisible = 0;
			defaultConfigurationName = Release;
		};
/* End XCConfigurationList section */
	};
	rootObject = D9DCF3461F6E68B800FC2858 /* Project object */;
}
